
Microsoft Visual Studio Solution File, Format Version 12.00
# Visual Studio Version 17
VisualStudioVersion = 17.11.35303.130
MinimumVisualStudioVersion = 10.0.40219.1
Project("{8BC9CEB8-8B4A-11D0-8D11-00A0C91BC942}") = "LB8.1char", "LB8.1char\LB8.1char.vcxproj", "{73D3200A-F857-4736-AEC6-1BED5A661BE1}"
EndProject
Project("{8BC9CEB8-8B4A-11D0-8D11-00A0C91BC942}") = "UnitTest8.1char", "UnitTest8.1char\UnitTest8.1char.vcxproj", "{CF374C41-1543-4EEF-BA89-2BB91D678EDB}"
EndProject
Global
	GlobalSection(SolutionConfigurationPlatforms) = preSolution
		Debug|x64 = Debug|x64
		Debug|x86 = Debug|x86
		Release|x64 = Release|x64
		Release|x86 = Release|x86
	EndGlobalSection
	GlobalSection(ProjectConfigurationPlatforms) = postSolution
		{73D3200A-F857-4736-AEC6-1BED5A661BE1}.Debug|x64.ActiveCfg = Debug|x64
		{73D3200A-F857-4736-AEC6-1BED5A661BE1}.Debug|x64.Build.0 = Debug|x64
		{73D3200A-F857-4736-AEC6-1BED5A661BE1}.Debug|x86.ActiveCfg = Debug|Win32
		{73D3200A-F857-4736-AEC6-1BED5A661BE1}.Debug|x86.Build.0 = Debug|Win32
		{73D3200A-F857-4736-AEC6-1BED5A661BE1}.Release|x64.ActiveCfg = Release|x64
		{73D3200A-F857-4736-AEC6-1BED5A661BE1}.Release|x64.Build.0 = Release|x64
		{73D3200A-F857-4736-AEC6-1BED5A661BE1}.Release|x86.ActiveCfg = Release|Win32
		{73D3200A-F857-4736-AEC6-1BED5A661BE1}.Release|x86.Build.0 = Release|Win32
		{CF374C41-1543-4EEF-BA89-2BB91D678EDB}.Debug|x64.ActiveCfg = Debug|x64
		{CF374C41-1543-4EEF-BA89-2BB91D678EDB}.Debug|x64.Build.0 = Debug|x64
		{CF374C41-1543-4EEF-BA89-2BB91D678EDB}.Debug|x86.ActiveCfg = Debug|Win32
		{CF374C41-1543-4EEF-BA89-2BB91D678EDB}.Debug|x86.Build.0 = Debug|Win32
		{CF374C41-1543-4EEF-BA89-2BB91D678EDB}.Release|x64.ActiveCfg = Release|x64
		{CF374C41-1543-4EEF-BA89-2BB91D678EDB}.Release|x64.Build.0 = Release|x64
		{CF374C41-1543-4EEF-BA89-2BB91D678EDB}.Release|x86.ActiveCfg = Release|Win32
		{CF374C41-1543-4EEF-BA89-2BB91D678EDB}.Release|x86.Build.0 = Release|Win32
	EndGlobalSection
	GlobalSection(SolutionProperties) = preSolution
		HideSolutionNode = FALSE
	EndGlobalSection
	GlobalSection(ExtensibilityGlobals) = postSolution
		SolutionGuid = {638C6CFB-E3F7-4D93-8EFC-A41D3B6CE6A2}
	EndGlobalSection
EndGlobal
